// !$*UTF8*$!
{
	archiveVersion = 1;
	classes = {
	};
	objectVersion = 50;
	objects = {

/* Begin PBXBuildFile section */
		CA9073402514CDAF00437053 /* AppDelegate.swift in Sources */ = {isa = PBXBuildFile; fileRef = CA90733F2514CDAF00437053 /* AppDelegate.swift */; };
		CA9073422514CDAF00437053 /* SceneDelegate.swift in Sources */ = {isa = PBXBuildFile; fileRef = CA9073412514CDAF00437053 /* SceneDelegate.swift */; };
		CA9073442514CDAF00437053 /* ViewController.swift in Sources */ = {isa = PBXBuildFile; fileRef = CA9073432514CDAF00437053 /* ViewController.swift */; };
		CA9073472514CDAF00437053 /* Main.storyboard in Resources */ = {isa = PBXBuildFile; fileRef = CA9073452514CDAF00437053 /* Main.storyboard */; };
		CA9073492514CDB300437053 /* Assets.xcassets in Resources */ = {isa = PBXBuildFile; fileRef = CA9073482514CDB300437053 /* Assets.xcassets */; };
		CA90734C2514CDB300437053 /* LaunchScreen.storyboard in Resources */ = {isa = PBXBuildFile; fileRef = CA90734A2514CDB300437053 /* LaunchScreen.storyboard */; };
		CA9073542514D4D000437053 /* EmojiMapViewController.swift in Sources */ = {isa = PBXBuildFile; fileRef = CA9073532514D4D000437053 /* EmojiMapViewController.swift */; };
		CA9073562514E6E900437053 /* EmojiView.swift in Sources */ = {isa = PBXBuildFile; fileRef = CA9073552514E6E900437053 /* EmojiView.swift */; };
		CA9073582515094400437053 /* EmojiCollectionViewCell.swift in Sources */ = {isa = PBXBuildFile; fileRef = CA9073572515094400437053 /* EmojiCollectionViewCell.swift */; };
		CA90735A251536C600437053 /* Bubble.swift in Sources */ = {isa = PBXBuildFile; fileRef = CA907359251536C600437053 /* Bubble.swift */; };
		CA90735C25154F1B00437053 /* PresentDudeViewController.swift in Sources */ = {isa = PBXBuildFile; fileRef = CA90735B25154F1B00437053 /* PresentDudeViewController.swift */; };
/* End PBXBuildFile section */

/* Begin PBXFileReference section */
		CA90733C2514CDAF00437053 /* VKEmoji.app */ = {isa = PBXFileReference; explicitFileType = wrapper.application; includeInIndex = 0; path = VKEmoji.app; sourceTree = BUILT_PRODUCTS_DIR; };
		CA90733F2514CDAF00437053 /* AppDelegate.swift */ = {isa = PBXFileReference; lastKnownFileType = sourcecode.swift; path = AppDelegate.swift; sourceTree = "<group>"; };
		CA9073412514CDAF00437053 /* SceneDelegate.swift */ = {isa = PBXFileReference; lastKnownFileType = sourcecode.swift; path = SceneDelegate.swift; sourceTree = "<group>"; };
		CA9073432514CDAF00437053 /* ViewController.swift */ = {isa = PBXFileReference; lastKnownFileType = sourcecode.swift; path = ViewController.swift; sourceTree = "<group>"; };
		CA9073462514CDAF00437053 /* Base */ = {isa = PBXFileReference; lastKnownFileType = file.storyboard; name = Base; path = Base.lproj/Main.storyboard; sourceTree = "<group>"; };
		CA9073482514CDB300437053 /* Assets.xcassets */ = {isa = PBXFileReference; lastKnownFileType = folder.assetcatalog; path = Assets.xcassets; sourceTree = "<group>"; };
		CA90734B2514CDB300437053 /* Base */ = {isa = PBXFileReference; lastKnownFileType = file.storyboard; name = Base; path = Base.lproj/LaunchScreen.storyboard; sourceTree = "<group>"; };
		CA90734D2514CDB300437053 /* Info.plist */ = {isa = PBXFileReference; lastKnownFileType = text.plist.xml; path = Info.plist; sourceTree = "<group>"; };
		CA9073532514D4D000437053 /* EmojiMapViewController.swift */ = {isa = PBXFileReference; lastKnownFileType = sourcecode.swift; path = EmojiMapViewController.swift; sourceTree = "<group>"; };
		CA9073552514E6E900437053 /* EmojiView.swift */ = {isa = PBXFileReference; lastKnownFileType = sourcecode.swift; path = EmojiView.swift; sourceTree = "<group>"; };
		CA9073572515094400437053 /* EmojiCollectionViewCell.swift */ = {isa = PBXFileReference; lastKnownFileType = sourcecode.swift; path = EmojiCollectionViewCell.swift; sourceTree = "<group>"; };
		CA907359251536C600437053 /* Bubble.swift */ = {isa = PBXFileReference; lastKnownFileType = sourcecode.swift; path = Bubble.swift; sourceTree = "<group>"; };
		CA90735B25154F1B00437053 /* PresentDudeViewController.swift */ = {isa = PBXFileReference; lastKnownFileType = sourcecode.swift; path = PresentDudeViewController.swift; sourceTree = "<group>"; };
/* End PBXFileReference section */

/* Begin PBXFrameworksBuildPhase section */
		CA9073392514CDAE00437053 /* Frameworks */ = {
			isa = PBXFrameworksBuildPhase;
			buildActionMask = 2147483647;
			files = (
			);
			runOnlyForDeploymentPostprocessing = 0;
		};
/* End PBXFrameworksBuildPhase section */

/* Begin PBXGroup section */
		CA9073332514CDAE00437053 = {
			isa = PBXGroup;
			children = (
				CA90733E2514CDAF00437053 /* VKEmoji */,
				CA90733D2514CDAF00437053 /* Products */,
			);
			sourceTree = "<group>";
		};
		CA90733D2514CDAF00437053 /* Products */ = {
			isa = PBXGroup;
			children = (
				CA90733C2514CDAF00437053 /* VKEmoji.app */,
			);
			name = Products;
			sourceTree = "<group>";
		};
		CA90733E2514CDAF00437053 /* VKEmoji */ = {
			isa = PBXGroup;
			children = (
				CA90733F2514CDAF00437053 /* AppDelegate.swift */,
				CA9073412514CDAF00437053 /* SceneDelegate.swift */,
				CA9073432514CDAF00437053 /* ViewController.swift */,
				CA9073452514CDAF00437053 /* Main.storyboard */,
				CA9073482514CDB300437053 /* Assets.xcassets */,
				CA90734A2514CDB300437053 /* LaunchScreen.storyboard */,
				CA90734D2514CDB300437053 /* Info.plist */,
				CA9073532514D4D000437053 /* EmojiMapViewController.swift */,
				CA9073552514E6E900437053 /* EmojiView.swift */,
				CA9073572515094400437053 /* EmojiCollectionViewCell.swift */,
				CA907359251536C600437053 /* Bubble.swift */,
				CA90735B25154F1B00437053 /* PresentDudeViewController.swift */,
			);
			path = VKEmoji;
			sourceTree = "<group>";
		};
/* End PBXGroup section */

/* Begin PBXNativeTarget section */
		CA90733B2514CDAE00437053 /* VKEmoji */ = {
			isa = PBXNativeTarget;
			buildConfigurationList = CA9073502514CDB300437053 /* Build configuration list for PBXNativeTarget "VKEmoji" */;
			buildPhases = (
				CA9073382514CDAE00437053 /* Sources */,
				CA9073392514CDAE00437053 /* Frameworks */,
				CA90733A2514CDAE00437053 /* Resources */,
			);
			buildRules = (
			);
			dependencies = (
			);
			name = VKEmoji;
			productName = VKEmoji;
			productReference = CA90733C2514CDAF00437053 /* VKEmoji.app */;
			productType = "com.apple.product-type.application";
		};
/* End PBXNativeTarget section */

/* Begin PBXProject section */
		CA9073342514CDAE00437053 /* Project object */ = {
			isa = PBXProject;
			attributes = {
				LastSwiftUpdateCheck = 1160;
				LastUpgradeCheck = 1160;
				ORGANIZATIONNAME = Alexey;
				TargetAttributes = {
					CA90733B2514CDAE00437053 = {
						CreatedOnToolsVersion = 11.6;
					};
				};
			};
			buildConfigurationList = CA9073372514CDAE00437053 /* Build configuration list for PBXProject "VKEmoji" */;
			compatibilityVersion = "Xcode 9.3";
			developmentRegion = en;
			hasScannedForEncodings = 0;
			knownRegions = (
				en,
				Base,
			);
			mainGroup = CA9073332514CDAE00437053;
			productRefGroup = CA90733D2514CDAF00437053 /* Products */;
			projectDirPath = "";
			projectRoot = "";
			targets = (
				CA90733B2514CDAE00437053 /* VKEmoji */,
			);
		};
/* End PBXProject section */

/* Begin PBXResourcesBuildPhase section */
		CA90733A2514CDAE00437053 /* Resources */ = {
			isa = PBXResourcesBuildPhase;
			buildActionMask = 2147483647;
			files = (
				CA90734C2514CDB300437053 /* LaunchScreen.storyboard in Resources */,
				CA9073492514CDB300437053 /* Assets.xcassets in Resources */,
				CA9073472514CDAF00437053 /* Main.storyboard in Resources */,
			);
			runOnlyForDeploymentPostprocessing = 0;
		};
/* End PBXResourcesBuildPhase section */

/* Begin PBXSourcesBuildPhase section */
		CA9073382514CDAE00437053 /* Sources */ = {
			isa = PBXSourcesBuildPhase;
			buildActionMask = 2147483647;
			files = (
				CA9073542514D4D000437053 /* EmojiMapViewController.swift in Sources */,
				CA9073582515094400437053 /* EmojiCollectionViewCell.swift in Sources */,
				CA9073442514CDAF00437053 /* ViewController.swift in Sources */,
				CA9073402514CDAF00437053 /* AppDelegate.swift in Sources */,
				CA90735C25154F1B00437053 /* PresentDudeViewController.swift in Sources */,
				CA90735A251536C600437053 /* Bubble.swift in Sources */,
				CA9073422514CDAF00437053 /* SceneDelegate.swift in Sources */,
				CA9073562514E6E900437053 /* EmojiView.swift in Sources */,
			);
			runOnlyForDeploymentPostprocessing = 0;
		};
/* End PBXSourcesBuildPhase section */

/* Begin PBXVariantGroup section */
		CA9073452514CDAF00437053 /* Main.storyboard */ = {
			isa = PBXVariantGroup;
			children = (
				CA9073462514CDAF00437053 /* Base */,
			);
			name = Main.storyboard;
			sourceTree = "<group>";
		};
		CA90734A2514CDB300437053 /* LaunchScreen.storyboard */ = {
			isa = PBXVariantGroup;
			children = (
				CA90734B2514CDB300437053 /* Base */,
			);
			name = LaunchScreen.storyboard;
			sourceTree = "<group>";
		};
/* End PBXVariantGroup section */

/* Begin XCBuildConfiguration section */
		CA90734E2514CDB300437053 /* Debug */ = {
			isa = XCBuildConfiguration;
			buildSettings = {
				ALWAYS_SEARCH_USER_PATHS = NO;
				CLANG_ANALYZER_NONNULL = YES;
				CLANG_ANALYZER_NUMBER_OBJECT_CONVERSION = YES_AGGRESSIVE;
				CLANG_CXX_LANGUAGE_STANDARD = "gnu++14";
				CLANG_CXX_LIBRARY = "libc++";
				CLANG_ENABLE_MODULES = YES;
				CLANG_ENABLE_OBJC_ARC = YES;
				CLANG_ENABLE_OBJC_WEAK = YES;
				CLANG_WARN_BLOCK_CAPTURE_AUTORELEASING = YES;
				CLANG_WARN_BOOL_CONVERSION = YES;
				CLANG_WARN_COMMA = YES;
				CLANG_WARN_CONSTANT_CONVERSION = YES;
				CLANG_WARN_DEPRECATED_OBJC_IMPLEMENTATIONS = YES;
				CLANG_WARN_DIRECT_OBJC_ISA_USAGE = YES_ERROR;
				CLANG_WARN_DOCUMENTATION_COMMENTS = YES;
				CLANG_WARN_EMPTY_BODY = YES;
				CLANG_WARN_ENUM_CONVERSION = YES;
				CLANG_WARN_INFINITE_RECURSION = YES;
				CLANG_WARN_INT_CONVERSION = YES;
				CLANG_WARN_NON_LITERAL_NULL_CONVERSION = YES;
				CLANG_WARN_OBJC_IMPLICIT_RETAIN_SELF = YES;
				CLANG_WARN_OBJC_LITERAL_CONVERSION = YES;
				CLANG_WARN_OBJC_ROOT_CLASS = YES_ERROR;
				CLANG_WARN_RANGE_LOOP_ANALYSIS = YES;
				CLANG_WARN_STRICT_PROTOTYPES = YES;
				CLANG_WARN_SUSPICIOUS_MOVE = YES;
				CLANG_WARN_UNGUARDED_AVAILABILITY = YES_AGGRESSIVE;
				CLANG_WARN_UNREACHABLE_CODE = YES;
				CLANG_WARN__DUPLICATE_METHOD_MATCH = YES;
				COPY_PHASE_STRIP = NO;
				DEBUG_INFORMATION_FORMAT = dwarf;
				ENABLE_STRICT_OBJC_MSGSEND = YES;
				ENABLE_TESTABILITY = YES;
				GCC_C_LANGUAGE_STANDARD = gnu11;
				GCC_DYNAMIC_NO_PIC = NO;
				GCC_NO_COMMON_BLOCKS = YES;
				GCC_OPTIMIZATION_LEVEL = 0;
				GCC_PREPROCESSOR_DEFINITIONS = (
					"DEBUG=1",
					"$(inherited)",
				);
				GCC_WARN_64_TO_32_BIT_CONVERSION = YES;
				GCC_WARN_ABOUT_RETURN_TYPE = YES_ERROR;
				GCC_WARN_UNDECLARED_SELECTOR = YES;
				GCC_WARN_UNINITIALIZED_AUTOS = YES_AGGRESSIVE;
				GCC_WARN_UNUSED_FUNCTION = YES;
				GCC_WARN_UNUSED_VARIABLE = YES;
				IPHONEOS_DEPLOYMENT_TARGET = 13.6;
				MTL_ENABLE_DEBUG_INFO = INCLUDE_SOURCE;
				MTL_FAST_MATH = YES;
				ONLY_ACTIVE_ARCH = YES;
				SDKROOT = iphoneos;
				SWIFT_ACTIVE_COMPILATION_CONDITIONS = DEBUG;
				SWIFT_OPTIMIZATION_LEVEL = "-Onone";
			};
			name = Debug;
		};
		CA90734F2514CDB300437053 /* Release */ = {
			isa = XCBuildConfiguration;
			buildSettings = {
				ALWAYS_SEARCH_USER_PATHS = NO;
				CLANG_ANALYZER_NONNULL = YES;
				CLANG_ANALYZER_NUMBER_OBJECT_CONVERSION = YES_AGGRESSIVE;
				CLANG_CXX_LANGUAGE_STANDARD = "gnu++14";
				CLANG_CXX_LIBRARY = "libc++";
				CLANG_ENABLE_MODULES = YES;
				CLANG_ENABLE_OBJC_ARC = YES;
				CLANG_ENABLE_OBJC_WEAK = YES;
				CLANG_WARN_BLOCK_CAPTURE_AUTORELEASING = YES;
				CLANG_WARN_BOOL_CONVERSION = YES;
				CLANG_WARN_COMMA = YES;
				CLANG_WARN_CONSTANT_CONVERSION = YES;
				CLANG_WARN_DEPRECATED_OBJC_IMPLEMENTATIONS = YES;
				CLANG_WARN_DIRECT_OBJC_ISA_USAGE = YES_ERROR;
				CLANG_WARN_DOCUMENTATION_COMMENTS = YES;
				CLANG_WARN_EMPTY_BODY = YES;
				CLANG_WARN_ENUM_CONVERSION = YES;
				CLANG_WARN_INFINITE_RECURSION = YES;
				CLANG_WARN_INT_CONVERSION = YES;
				CLANG_WARN_NON_LITERAL_NULL_CONVERSION = YES;
				CLANG_WARN_OBJC_IMPLICIT_RETAIN_SELF = YES;
				CLANG_WARN_OBJC_LITERAL_CONVERSION = YES;
				CLANG_WARN_OBJC_ROOT_CLASS = YES_ERROR;
				CLANG_WARN_RANGE_LOOP_ANALYSIS = YES;
				CLANG_WARN_STRICT_PROTOTYPES = YES;
				CLANG_WARN_SUSPICIOUS_MOVE = YES;
				CLANG_WARN_UNGUARDED_AVAILABILITY = YES_AGGRESSIVE;
				CLANG_WARN_UNREACHABLE_CODE = YES;
				CLANG_WARN__DUPLICATE_METHOD_MATCH = YES;
				COPY_PHASE_STRIP = NO;
				DEBUG_INFORMATION_FORMAT = "dwarf-with-dsym";
				ENABLE_NS_ASSERTIONS = NO;
				ENABLE_STRICT_OBJC_MSGSEND = YES;
				GCC_C_LANGUAGE_STANDARD = gnu11;
				GCC_NO_COMMON_BLOCKS = YES;
				GCC_WARN_64_TO_32_BIT_CONVERSION = YES;
				GCC_WARN_ABOUT_RETURN_TYPE = YES_ERROR;
				GCC_WARN_UNDECLARED_SELECTOR = YES;
				GCC_WARN_UNINITIALIZED_AUTOS = YES_AGGRESSIVE;
				GCC_WARN_UNUSED_FUNCTION = YES;
				GCC_WARN_UNUSED_VARIABLE = YES;
				IPHONEOS_DEPLOYMENT_TARGET = 13.6;
				MTL_ENABLE_DEBUG_INFO = NO;
				MTL_FAST_MATH = YES;
				SDKROOT = iphoneos;
				SWIFT_COMPILATION_MODE = wholemodule;
				SWIFT_OPTIMIZATION_LEVEL = "-O";
				VALIDATE_PRODUCT = YES;
			};
			name = Release;
		};
		CA9073512514CDB300437053 /* Debug */ = {
			isa = XCBuildConfiguration;
			buildSettings = {
				ASSETCATALOG_COMPILER_APPICON_NAME = AppIcon;
				CODE_SIGN_STYLE = Automatic;
				DEVELOPMENT_TEAM = 62MNR2QKFT;
				INFOPLIST_FILE = VKEmoji/Info.plist;
				LD_RUNPATH_SEARCH_PATHS = (
					"$(inherited)",
					"@executable_path/Frameworks",
				);
				PRODUCT_BUNDLE_IDENTIFIER = edu.VKEmoji;
				PRODUCT_NAME = "$(TARGET_NAME)";
				SWIFT_VERSION = 5.0;
				TARGETED_DEVICE_FAMILY = "1,2";
			};
			name = Debug;
		};
		CA9073522514CDB300437053 /* Release */ = {
			isa = XCBuildConfiguration;
			buildSettings = {
				ASSETCATALOG_COMPILER_APPICON_NAME = AppIcon;
				CODE_SIGN_STYLE = Automatic;
				DEVELOPMENT_TEAM = 62MNR2QKFT;
				INFOPLIST_FILE = VKEmoji/Info.plist;
				LD_RUNPATH_SEARCH_PATHS = (
					"$(inherited)",
					"@executable_path/Frameworks",
				);
				PRODUCT_BUNDLE_IDENTIFIER = edu.VKEmoji;
				PRODUCT_NAME = "$(TARGET_NAME)";
				SWIFT_VERSION = 5.0;
				TARGETED_DEVICE_FAMILY = "1,2";
			};
			name = Release;
		};
/* End XCBuildConfiguration section */

/* Begin XCConfigurationList section */
		CA9073372514CDAE00437053 /* Build configuration list for PBXProject "VKEmoji" */ = {
			isa = XCConfigurationList;
			buildConfigurations = (
				CA90734E2514CDB300437053 /* Debug */,
				CA90734F2514CDB300437053 /* Release */,
			);
			defaultConfigurationIsVisible = 0;
			defaultConfigurationName = Release;
		};
		CA9073502514CDB300437053 /* Build configuration list for PBXNativeTarget "VKEmoji" */ = {
			isa = XCConfigurationList;
			buildConfigurations = (
				CA9073512514CDB300437053 /* Debug */,
				CA9073522514CDB300437053 /* Release */,
			);
			defaultConfigurationIsVisible = 0;
			defaultConfigurationName = Release;
		};
/* End XCConfigurationList section */
	};
	rootObject = CA9073342514CDAE00437053 /* Project object */;
}
